
Microsoft Visual Studio Solution File, Format Version 12.00
# Visual Studio Version 17
VisualStudioVersion = 17.7.34031.279
MinimumVisualStudioVersion = 10.0.40219.1
Project("{FAE04EC0-301F-11D3-BF4B-00C04F79EFBC}") = "MuratYucedag_if_else_2", "MuratYucedag_if_else_2\MuratYucedag_if_else_2.csproj", "{906E749D-68B3-44AA-93A8-6695CA8F8F58}"
EndProject
Global
	GlobalSection(SolutionConfigurationPlatforms) = preSolution
		Debug|Any CPU = Debug|Any CPU
		Release|Any CPU = Release|Any CPU
	EndGlobalSection
	GlobalSection(ProjectConfigurationPlatforms) = postSolution
		{906E749D-68B3-44AA-93A8-6695CA8F8F58}.Debug|Any CPU.ActiveCfg = Debug|Any CPU
		{906E749D-68B3-44AA-93A8-6695CA8F8F58}.Debug|Any CPU.Build.0 = Debug|Any CPU
		{906E749D-68B3-44AA-93A8-6695CA8F8F58}.Release|Any CPU.ActiveCfg = Release|Any CPU
		{906E749D-68B3-44AA-93A8-6695CA8F8F58}.Release|Any CPU.Build.0 = Release|Any CPU
	EndGlobalSection
	GlobalSection(SolutionProperties) = preSolution
		HideSolutionNode = FALSE
	EndGlobalSection
	GlobalSection(ExtensibilityGlobals) = postSolution
		SolutionGuid = {8D44F122-748F-45F6-B1E1-93838502B517}
	EndGlobalSection
EndGlobal
