
Microsoft Visual Studio Solution File, Format Version 12.00
# Visual Studio Version 17
VisualStudioVersion = 17.7.34031.279
MinimumVisualStudioVersion = 10.0.40219.1
Project("{FAE04EC0-301F-11D3-BF4B-00C04F79EFBC}") = "MuratYucedagDersNotu4", "MuratYucedagDersNotu4\MuratYucedagDersNotu4.csproj", "{FD6FC379-41F0-4B16-980B-980AA949DD06}"
EndProject
Global
	GlobalSection(SolutionConfigurationPlatforms) = preSolution
		Debug|Any CPU = Debug|Any CPU
		Release|Any CPU = Release|Any CPU
	EndGlobalSection
	GlobalSection(ProjectConfigurationPlatforms) = postSolution
		{FD6FC379-41F0-4B16-980B-980AA949DD06}.Debug|Any CPU.ActiveCfg = Debug|Any CPU
		{FD6FC379-41F0-4B16-980B-980AA949DD06}.Debug|Any CPU.Build.0 = Debug|Any CPU
		{FD6FC379-41F0-4B16-980B-980AA949DD06}.Release|Any CPU.ActiveCfg = Release|Any CPU
		{FD6FC379-41F0-4B16-980B-980AA949DD06}.Release|Any CPU.Build.0 = Release|Any CPU
	EndGlobalSection
	GlobalSection(SolutionProperties) = preSolution
		HideSolutionNode = FALSE
	EndGlobalSection
	GlobalSection(ExtensibilityGlobals) = postSolution
		SolutionGuid = {B2DD5286-ACB6-40F6-A68F-E9F747A8A3B1}
	EndGlobalSection
EndGlobal
